
Microsoft Visual Studio Solution File, Format Version 12.00
# Visual Studio 14
VisualStudioVersion = 14.0.25123.0
MinimumVisualStudioVersion = 10.0.40219.1
Project("{FAE04EC0-301F-11D3-BF4B-00C04F79EFBC}") = "LOTK", "Legends_of_the_Three_Kingdoms\LOTK.csproj", "{5B582A66-6242-4C4E-A36B-E811449D7A19}"
EndProject
Project("{FAE04EC0-301F-11D3-BF4B-00C04F79EFBC}") = "LOTK_Test", "LOTK_Test\LOTK_Test.csproj", "{8424A8E5-E18E-4A2C-87C8-BEF2C27D4D0A}"
EndProject
Project("{FAE04EC0-301F-11D3-BF4B-00C04F79EFBC}") = "CodeCoverageConverter", "CodeCoverageConverter\CodeCoverageConverter.csproj", "{2C36C49D-C92D-42F4-BC1F-3A1DE7C1565F}"
EndProject
Project("{FAE04EC0-301F-11D3-BF4B-00C04F79EFBC}") = "BDD_Specflow", "BDD_Specflow\BDD_Specflow.csproj", "{562D1510-53FF-404F-BB83-7C6C1760CC21}"
EndProject
Global
	GlobalSection(SolutionConfigurationPlatforms) = preSolution
		Debug|Any CPU = Debug|Any CPU
		Release|Any CPU = Release|Any CPU
	EndGlobalSection
	GlobalSection(ProjectConfigurationPlatforms) = postSolution
		{5B582A66-6242-4C4E-A36B-E811449D7A19}.Debug|Any CPU.ActiveCfg = Debug|Any CPU
		{5B582A66-6242-4C4E-A36B-E811449D7A19}.Debug|Any CPU.Build.0 = Debug|Any CPU
		{5B582A66-6242-4C4E-A36B-E811449D7A19}.Release|Any CPU.ActiveCfg = Release|Any CPU
		{5B582A66-6242-4C4E-A36B-E811449D7A19}.Release|Any CPU.Build.0 = Release|Any CPU
		{8424A8E5-E18E-4A2C-87C8-BEF2C27D4D0A}.Debug|Any CPU.ActiveCfg = Debug|Any CPU
		{8424A8E5-E18E-4A2C-87C8-BEF2C27D4D0A}.Debug|Any CPU.Build.0 = Debug|Any CPU
		{8424A8E5-E18E-4A2C-87C8-BEF2C27D4D0A}.Release|Any CPU.ActiveCfg = Release|Any CPU
		{8424A8E5-E18E-4A2C-87C8-BEF2C27D4D0A}.Release|Any CPU.Build.0 = Release|Any CPU
		{2C36C49D-C92D-42F4-BC1F-3A1DE7C1565F}.Debug|Any CPU.ActiveCfg = Debug|Any CPU
		{2C36C49D-C92D-42F4-BC1F-3A1DE7C1565F}.Debug|Any CPU.Build.0 = Debug|Any CPU
		{2C36C49D-C92D-42F4-BC1F-3A1DE7C1565F}.Release|Any CPU.ActiveCfg = Release|Any CPU
		{2C36C49D-C92D-42F4-BC1F-3A1DE7C1565F}.Release|Any CPU.Build.0 = Release|Any CPU
		{562D1510-53FF-404F-BB83-7C6C1760CC21}.Debug|Any CPU.ActiveCfg = Debug|Any CPU
		{562D1510-53FF-404F-BB83-7C6C1760CC21}.Debug|Any CPU.Build.0 = Debug|Any CPU
		{562D1510-53FF-404F-BB83-7C6C1760CC21}.Release|Any CPU.ActiveCfg = Release|Any CPU
		{562D1510-53FF-404F-BB83-7C6C1760CC21}.Release|Any CPU.Build.0 = Release|Any CPU
	EndGlobalSection
	GlobalSection(SolutionProperties) = preSolution
		HideSolutionNode = FALSE
	EndGlobalSection
EndGlobal
